<?xml version="1.0" encoding="utf-8"?>
<Project ToolsVersion="4.0" xmlns="http://schemas.microsoft.com/developer/msbuild/2003">
  <ItemGroup>
    <Filter Include="Source Files">
      <UniqueIdentifier>{4FC737F1-C7A5-4376-A066-2A32D752A2FF}</UniqueIdentifier>
      <Extensions>cpp;c;cc;cxx;c++;cppm;ixx;def;odl;idl;hpj;bat;asm;asmx</Extensions>
    </Filter>
    <Filter Include="Header Files">
      <UniqueIdentifier>{93995380-89BD-4b04-88EB-625FBE52EBFB}</UniqueIdentifier>
      <Extensions>h;hh;hpp;hxx;h++;hm;inl;inc;ipp;xsd</Extensions>
    </Filter>
    <Filter Include="Resource Files">
      <UniqueIdentifier>{67DA6AB6-F800-4c08-8B7A-83BB121AAD01}</UniqueIdentifier>
      <Extensions>rc;ico;cur;bmp;dlg;rc2;rct;bin;rgs;gif;jpg;jpeg;jpe;resx;tiff;tif;png;wav;mfcribbon-ms</Extensions>
    </Filter>
    <Filter Include="Header Files\expressions">
      <UniqueIdentifier>{14c6316a-1fca-46ca-b6a4-3bbd4932a4b0}</UniqueIdentifier>
    </Filter>
    <Filter Include="Header Files\expressions\operations">
      <UniqueIdentifier>{376d130d-f93d-449c-9195-2d9de7cb1b63}</UniqueIdentifier>
    </Filter>
    <Filter Include="Header Files\expressions\functions">
      <UniqueIdentifier>{3ec72f13-cc21-4dcd-9592-bfe2c989d11f}</UniqueIdentifier>
    </Filter>
  </ItemGroup>
  <ItemGroup>
    <ClCompile Include="main.cpp">
      <Filter>Source Files</Filter>
    </ClCompile>
  </ItemGroup>
  <ItemGroup>
    <ClInclude Include="Expression.h">
      <Filter>Header Files\expressions</Filter>
    </ClInclude>
    <ClInclude Include="GrammarDecoder.h">
      <Filter>Header Files</Filter>
    </ClInclude>
    <ClInclude Include="Fitness.h">
      <Filter>Header Files</Filter>
    </ClInclude>
    <ClInclude Include="Population.h">
      <Filter>Header Files</Filter>
    </ClInclude>
    <ClInclude Include="ExampleODEs.h">
      <Filter>Header Files</Filter>
    </ClInclude>
    <ClInclude Include="Vars.h">
      <Filter>Header Files\expressions</Filter>
    </ClInclude>
    <ClInclude Include="ExamplePDEs.h">
      <Filter>Header Files</Filter>
    </ClInclude>
    <ClInclude Include="TreePopulation.h">
      <Filter>Header Files</Filter>
    </ClInclude>
    <ClInclude Include="Addition.h">
      <Filter>Header Files\expressions\operations</Filter>
    </ClInclude>
    <ClInclude Include="Division.h">
      <Filter>Header Files\expressions\operations</Filter>
    </ClInclude>
    <ClInclude Include="Multiplication.h">
      <Filter>Header Files\expressions\operations</Filter>
    </ClInclude>
    <ClInclude Include="Power.h">
      <Filter>Header Files\expressions\operations</Filter>
    </ClInclude>
    <ClInclude Include="Subtraction.h">
      <Filter>Header Files\expressions\operations</Filter>
    </ClInclude>
    <ClInclude Include="Exponential.h">
      <Filter>Header Files\expressions\functions</Filter>
    </ClInclude>
    <ClInclude Include="Logarithm.h">
      <Filter>Header Files\expressions\functions</Filter>
    </ClInclude>
    <ClInclude Include="SquareRoot.h">
      <Filter>Header Files\expressions\functions</Filter>
    </ClInclude>
    <ClInclude Include="Trig.h">
      <Filter>Header Files\expressions\functions</Filter>
    </ClInclude>
    <ClInclude Include="FileWriter.h">
      <Filter>Header Files</Filter>
    </ClInclude>
  </ItemGroup>
</Project>